
Microsoft Visual Studio Solution File, Format Version 12.00
# Visual Studio 15
VisualStudioVersion = 15.0.27703.2042
MinimumVisualStudioVersion = 10.0.40219.1
Project("{FAE04EC0-301F-11D3-BF4B-00C04F79EFBC}") = "Sync", "Sync\Sync.csproj", "{558D4787-6B39-4341-BAB9-7A6DC9A2873D}"
EndProject
Global
	GlobalSection(SolutionConfigurationPlatforms) = preSolution
		Debug|Any CPU = Debug|Any CPU
		Release|Any CPU = Release|Any CPU
	EndGlobalSection
	GlobalSection(ProjectConfigurationPlatforms) = postSolution
		{558D4787-6B39-4341-BAB9-7A6DC9A2873D}.Debug|Any CPU.ActiveCfg = Debug|Any CPU
		{558D4787-6B39-4341-BAB9-7A6DC9A2873D}.Debug|Any CPU.Build.0 = Debug|Any CPU
		{558D4787-6B39-4341-BAB9-7A6DC9A2873D}.Release|Any CPU.ActiveCfg = Release|Any CPU
		{558D4787-6B39-4341-BAB9-7A6DC9A2873D}.Release|Any CPU.Build.0 = Release|Any CPU
	EndGlobalSection
	GlobalSection(SolutionProperties) = preSolution
		HideSolutionNode = FALSE
	EndGlobalSection
	GlobalSection(ExtensibilityGlobals) = postSolution
		SolutionGuid = {24626110-94FE-45A1-BAB4-FB91B4F310DF}
	EndGlobalSection
EndGlobal
